
Microsoft Visual Studio Solution File, Format Version 12.00
# Visual Studio Version 16
VisualStudioVersion = 16.0.29201.188
MinimumVisualStudioVersion = 10.0.40219.1
Project("{FAE04EC0-301F-11D3-BF4B-00C04F79EFBC}") = "PdfPngGenerator", "PdfPngGenerator\PdfPngGenerator.csproj", "{778850A0-8A75-410D-9034-27C133A81C10}"
EndProject
Global
	GlobalSection(SolutionConfigurationPlatforms) = preSolution
		Debug|Any CPU = Debug|Any CPU
		Release|Any CPU = Release|Any CPU
	EndGlobalSection
	GlobalSection(ProjectConfigurationPlatforms) = postSolution
		{778850A0-8A75-410D-9034-27C133A81C10}.Debug|Any CPU.ActiveCfg = Debug|Any CPU
		{778850A0-8A75-410D-9034-27C133A81C10}.Debug|Any CPU.Build.0 = Debug|Any CPU
		{778850A0-8A75-410D-9034-27C133A81C10}.Release|Any CPU.ActiveCfg = Release|Any CPU
		{778850A0-8A75-410D-9034-27C133A81C10}.Release|Any CPU.Build.0 = Release|Any CPU
	EndGlobalSection
	GlobalSection(SolutionProperties) = preSolution
		HideSolutionNode = FALSE
	EndGlobalSection
	GlobalSection(ExtensibilityGlobals) = postSolution
		SolutionGuid = {B9B57D2B-897B-44BE-83B1-52F2D049000A}
	EndGlobalSection
EndGlobal
